
Microsoft Visual Studio Solution File, Format Version 12.00
# Visual Studio Version 17
VisualStudioVersion = 17.5.33209.295
MinimumVisualStudioVersion = 10.0.40219.1
Project("{9A19103F-16F7-4668-BE54-9A1E7A4F7556}") = "Firm.Core", "Firm.Core\Firm.Core.csproj", "{7023C285-162C-432C-A400-4145C201ACA4}"
EndProject
Project("{9A19103F-16F7-4668-BE54-9A1E7A4F7556}") = "Firm.Infrastructure", "Firm.Infrastructure\Firm.Infrastructure.csproj", "{837D63D2-535A-4835-A442-E7A422901356}"
EndProject
Project("{9A19103F-16F7-4668-BE54-9A1E7A4F7556}") = "Firm.Service", "Firm.Service\Firm.Service.csproj", "{567B3543-A18A-4AB5-A804-54AE0EE61F2F}"
EndProject
Project("{9A19103F-16F7-4668-BE54-9A1E7A4F7556}") = "FirmWebApp", "FirmWebApp\FirmWebApp.csproj", "{7ED7904F-472A-4AF1-B756-80A393DF1049}"
EndProject
Project("{9A19103F-16F7-4668-BE54-9A1E7A4F7556}") = "Firm.Utility", "Firm.Utility\Firm.Utility.csproj", "{AB24B470-2522-4C18-B347-2932406AE301}"
EndProject
Project("{2150E333-8FDC-42A3-9474-1A3956D46DE8}") = "Solution Items", "Solution Items", "{D6BD89DC-ABDA-4002-8880-6E7E8CC786BF}"
	ProjectSection(SolutionItems) = preProject
		.editorconfig = .editorconfig
	EndProjectSection
EndProject
Global
	GlobalSection(SolutionConfigurationPlatforms) = preSolution
		Debug|Any CPU = Debug|Any CPU
		Release|Any CPU = Release|Any CPU
	EndGlobalSection
	GlobalSection(ProjectConfigurationPlatforms) = postSolution
		{7023C285-162C-432C-A400-4145C201ACA4}.Debug|Any CPU.ActiveCfg = Debug|Any CPU
		{7023C285-162C-432C-A400-4145C201ACA4}.Debug|Any CPU.Build.0 = Debug|Any CPU
		{7023C285-162C-432C-A400-4145C201ACA4}.Release|Any CPU.ActiveCfg = Release|Any CPU
		{7023C285-162C-432C-A400-4145C201ACA4}.Release|Any CPU.Build.0 = Release|Any CPU
		{837D63D2-535A-4835-A442-E7A422901356}.Debug|Any CPU.ActiveCfg = Debug|Any CPU
		{837D63D2-535A-4835-A442-E7A422901356}.Debug|Any CPU.Build.0 = Debug|Any CPU
		{837D63D2-535A-4835-A442-E7A422901356}.Release|Any CPU.ActiveCfg = Release|Any CPU
		{837D63D2-535A-4835-A442-E7A422901356}.Release|Any CPU.Build.0 = Release|Any CPU
		{567B3543-A18A-4AB5-A804-54AE0EE61F2F}.Debug|Any CPU.ActiveCfg = Debug|Any CPU
		{567B3543-A18A-4AB5-A804-54AE0EE61F2F}.Debug|Any CPU.Build.0 = Debug|Any CPU
		{567B3543-A18A-4AB5-A804-54AE0EE61F2F}.Release|Any CPU.ActiveCfg = Release|Any CPU
		{567B3543-A18A-4AB5-A804-54AE0EE61F2F}.Release|Any CPU.Build.0 = Release|Any CPU
		{7ED7904F-472A-4AF1-B756-80A393DF1049}.Debug|Any CPU.ActiveCfg = Debug|Any CPU
		{7ED7904F-472A-4AF1-B756-80A393DF1049}.Debug|Any CPU.Build.0 = Debug|Any CPU
		{7ED7904F-472A-4AF1-B756-80A393DF1049}.Release|Any CPU.ActiveCfg = Release|Any CPU
		{7ED7904F-472A-4AF1-B756-80A393DF1049}.Release|Any CPU.Build.0 = Release|Any CPU
		{AB24B470-2522-4C18-B347-2932406AE301}.Debug|Any CPU.ActiveCfg = Debug|Any CPU
		{AB24B470-2522-4C18-B347-2932406AE301}.Debug|Any CPU.Build.0 = Debug|Any CPU
		{AB24B470-2522-4C18-B347-2932406AE301}.Release|Any CPU.ActiveCfg = Release|Any CPU
		{AB24B470-2522-4C18-B347-2932406AE301}.Release|Any CPU.Build.0 = Release|Any CPU
	EndGlobalSection
	GlobalSection(SolutionProperties) = preSolution
		HideSolutionNode = FALSE
	EndGlobalSection
	GlobalSection(ExtensibilityGlobals) = postSolution
		SolutionGuid = {27FFAC1F-2B4E-4A82-9784-C77F956E13E2}
	EndGlobalSection
EndGlobal
